Microsoft Visual Studio Solution File, Format Version 12.00
# Visual Studio Version 17
VisualStudioVersion = 17.5.2.0
MinimumVisualStudioVersion = 10.0.40219.1
Project("{2150E333-8FDC-42A3-9474-1A3956D46DE8}") = "LPR 2", "LPR 2", "{37C13942-483A-29BD-D6F8-5A3F0456CB78}"
EndProject
Project("{2150E333-8FDC-42A3-9474-1A3956D46DE8}") = "Aula 0", "Aula 0", "{D6AFD064-C0B5-7FB6-E6AA-876A25B836A8}"
EndProject
Project("{FAE04EC0-301F-11D3-BF4B-00C04F79EFBC}") = "OlaCSharp", "LPR 2\Aula 0\OlaCSharp\OlaCSharp.csproj", "{6008E369-AD65-EAA0-E6A2-99C41D4A4B5B}"
EndProject
Global
	GlobalSection(SolutionConfigurationPlatforms) = preSolution
		Debug|Any CPU = Debug|Any CPU
		Release|Any CPU = Release|Any CPU
	EndGlobalSection
	GlobalSection(ProjectConfigurationPlatforms) = postSolution
		{6008E369-AD65-EAA0-E6A2-99C41D4A4B5B}.Debug|Any CPU.ActiveCfg = Debug|Any CPU
		{6008E369-AD65-EAA0-E6A2-99C41D4A4B5B}.Debug|Any CPU.Build.0 = Debug|Any CPU
		{6008E369-AD65-EAA0-E6A2-99C41D4A4B5B}.Release|Any CPU.ActiveCfg = Release|Any CPU
		{6008E369-AD65-EAA0-E6A2-99C41D4A4B5B}.Release|Any CPU.Build.0 = Release|Any CPU
	EndGlobalSection
	GlobalSection(SolutionProperties) = preSolution
		HideSolutionNode = FALSE
	EndGlobalSection
	GlobalSection(NestedProjects) = preSolution
		{D6AFD064-C0B5-7FB6-E6AA-876A25B836A8} = {37C13942-483A-29BD-D6F8-5A3F0456CB78}
		{6008E369-AD65-EAA0-E6A2-99C41D4A4B5B} = {D6AFD064-C0B5-7FB6-E6AA-876A25B836A8}
	EndGlobalSection
	GlobalSection(ExtensibilityGlobals) = postSolution
		SolutionGuid = {47A560D9-C090-4C99-BA73-A4DDD853F176}
	EndGlobalSection
EndGlobal
